
Microsoft Visual Studio Solution File, Format Version 12.00
# Visual Studio Version 16
VisualStudioVersion = 16.0.31624.102
MinimumVisualStudioVersion = 10.0.40219.1
Project("{9A19103F-16F7-4668-BE54-9A1E7A4F7556}") = "Lab_01", "Lab_01\Lab_01.csproj", "{B419144F-B0D8-4A5B-A74C-E9191DFE4DFE}"
EndProject
Project("{9A19103F-16F7-4668-BE54-9A1E7A4F7556}") = "Lab_02", "Lab_02\Lab_02.csproj", "{881D319A-DD5E-439C-8784-CF4260FAF276}"
EndProject
Project("{9A19103F-16F7-4668-BE54-9A1E7A4F7556}") = "Lab_03", "Lab_03\Lab_03.csproj", "{6D0F6370-3C83-4EE6-87F4-CD64C41D5035}"
EndProject
Project("{9A19103F-16F7-4668-BE54-9A1E7A4F7556}") = "Lab_04", "Lab_04\Lab_04.csproj", "{A5685E2F-E7D0-47B4-9019-D6DFC5CBDDB0}"
EndProject
Project("{9A19103F-16F7-4668-BE54-9A1E7A4F7556}") = "Lab_05", "Lab_05\Lab_05.csproj", "{1F72D19E-A46B-48CF-9CBF-2E762FF84BBD}"
EndProject
Project("{9A19103F-16F7-4668-BE54-9A1E7A4F7556}") = "Lab_06", "Lab_06\Lab_06.csproj", "{D937C721-9CC0-490F-9901-4CEF50A637ED}"
EndProject
Project("{9A19103F-16F7-4668-BE54-9A1E7A4F7556}") = "Lab_07", "Lab_07\Lab_07.csproj", "{98DF28B9-6617-4B8B-B793-8CF37669E1D0}"
EndProject
Project("{9A19103F-16F7-4668-BE54-9A1E7A4F7556}") = "Lab_08", "Lab_08\Lab_08.csproj", "{A8AA49A6-9691-4632-8E92-15FDC9714DFB}"
EndProject
Project("{9A19103F-16F7-4668-BE54-9A1E7A4F7556}") = "Lab_09", "Lab_09\Lab_09.csproj", "{27AD9DD9-9E7A-4EF1-BF3A-4862CE12645C}"
EndProject
Project("{9A19103F-16F7-4668-BE54-9A1E7A4F7556}") = "Lab_09_Dom", "Lab_09_Dom\Lab_09_Dom.csproj", "{23C9615F-A787-4035-86D9-1EED81B771DF}"
EndProject
Project("{9A19103F-16F7-4668-BE54-9A1E7A4F7556}") = "Lab_10", "Lab_10\Lab_10.csproj", "{9BB82FC9-9700-4E4A-9648-BD0A8A9E86BF}"
EndProject
Project("{9A19103F-16F7-4668-BE54-9A1E7A4F7556}") = "Lab_10_Dom", "Lab_10_Dom\Lab_10_Dom.csproj", "{8BC7F866-A538-46D5-9B31-DB8A9FD94CA8}"
EndProject
Project("{FAE04EC0-301F-11D3-BF4B-00C04F79EFBC}") = "Lab_11", "Lab_11\Lab_11.csproj", "{3FFF1F93-E2B5-4943-B7DC-CF6CCFA941AD}"
EndProject
Global
	GlobalSection(SolutionConfigurationPlatforms) = preSolution
		Debug|Any CPU = Debug|Any CPU
		Release|Any CPU = Release|Any CPU
	EndGlobalSection
	GlobalSection(ProjectConfigurationPlatforms) = postSolution
		{B419144F-B0D8-4A5B-A74C-E9191DFE4DFE}.Debug|Any CPU.ActiveCfg = Debug|Any CPU
		{B419144F-B0D8-4A5B-A74C-E9191DFE4DFE}.Debug|Any CPU.Build.0 = Debug|Any CPU
		{B419144F-B0D8-4A5B-A74C-E9191DFE4DFE}.Release|Any CPU.ActiveCfg = Release|Any CPU
		{B419144F-B0D8-4A5B-A74C-E9191DFE4DFE}.Release|Any CPU.Build.0 = Release|Any CPU
		{881D319A-DD5E-439C-8784-CF4260FAF276}.Debug|Any CPU.ActiveCfg = Debug|Any CPU
		{881D319A-DD5E-439C-8784-CF4260FAF276}.Debug|Any CPU.Build.0 = Debug|Any CPU
		{881D319A-DD5E-439C-8784-CF4260FAF276}.Release|Any CPU.ActiveCfg = Release|Any CPU
		{881D319A-DD5E-439C-8784-CF4260FAF276}.Release|Any CPU.Build.0 = Release|Any CPU
		{6D0F6370-3C83-4EE6-87F4-CD64C41D5035}.Debug|Any CPU.ActiveCfg = Debug|Any CPU
		{6D0F6370-3C83-4EE6-87F4-CD64C41D5035}.Debug|Any CPU.Build.0 = Debug|Any CPU
		{6D0F6370-3C83-4EE6-87F4-CD64C41D5035}.Release|Any CPU.ActiveCfg = Release|Any CPU
		{6D0F6370-3C83-4EE6-87F4-CD64C41D5035}.Release|Any CPU.Build.0 = Release|Any CPU
		{A5685E2F-E7D0-47B4-9019-D6DFC5CBDDB0}.Debug|Any CPU.ActiveCfg = Debug|Any CPU
		{A5685E2F-E7D0-47B4-9019-D6DFC5CBDDB0}.Debug|Any CPU.Build.0 = Debug|Any CPU
		{A5685E2F-E7D0-47B4-9019-D6DFC5CBDDB0}.Release|Any CPU.ActiveCfg = Release|Any CPU
		{A5685E2F-E7D0-47B4-9019-D6DFC5CBDDB0}.Release|Any CPU.Build.0 = Release|Any CPU
		{1F72D19E-A46B-48CF-9CBF-2E762FF84BBD}.Debug|Any CPU.ActiveCfg = Debug|Any CPU
		{1F72D19E-A46B-48CF-9CBF-2E762FF84BBD}.Debug|Any CPU.Build.0 = Debug|Any CPU
		{1F72D19E-A46B-48CF-9CBF-2E762FF84BBD}.Release|Any CPU.ActiveCfg = Release|Any CPU
		{1F72D19E-A46B-48CF-9CBF-2E762FF84BBD}.Release|Any CPU.Build.0 = Release|Any CPU
		{D937C721-9CC0-490F-9901-4CEF50A637ED}.Debug|Any CPU.ActiveCfg = Debug|Any CPU
		{D937C721-9CC0-490F-9901-4CEF50A637ED}.Debug|Any CPU.Build.0 = Debug|Any CPU
		{D937C721-9CC0-490F-9901-4CEF50A637ED}.Release|Any CPU.ActiveCfg = Release|Any CPU
		{D937C721-9CC0-490F-9901-4CEF50A637ED}.Release|Any CPU.Build.0 = Release|Any CPU
		{98DF28B9-6617-4B8B-B793-8CF37669E1D0}.Debug|Any CPU.ActiveCfg = Debug|Any CPU
		{98DF28B9-6617-4B8B-B793-8CF37669E1D0}.Debug|Any CPU.Build.0 = Debug|Any CPU
		{98DF28B9-6617-4B8B-B793-8CF37669E1D0}.Release|Any CPU.ActiveCfg = Release|Any CPU
		{98DF28B9-6617-4B8B-B793-8CF37669E1D0}.Release|Any CPU.Build.0 = Release|Any CPU
		{A8AA49A6-9691-4632-8E92-15FDC9714DFB}.Debug|Any CPU.ActiveCfg = Debug|Any CPU
		{A8AA49A6-9691-4632-8E92-15FDC9714DFB}.Debug|Any CPU.Build.0 = Debug|Any CPU
		{A8AA49A6-9691-4632-8E92-15FDC9714DFB}.Release|Any CPU.ActiveCfg = Release|Any CPU
		{A8AA49A6-9691-4632-8E92-15FDC9714DFB}.Release|Any CPU.Build.0 = Release|Any CPU
		{27AD9DD9-9E7A-4EF1-BF3A-4862CE12645C}.Debug|Any CPU.ActiveCfg = Debug|Any CPU
		{27AD9DD9-9E7A-4EF1-BF3A-4862CE12645C}.Debug|Any CPU.Build.0 = Debug|Any CPU
		{27AD9DD9-9E7A-4EF1-BF3A-4862CE12645C}.Release|Any CPU.ActiveCfg = Release|Any CPU
		{27AD9DD9-9E7A-4EF1-BF3A-4862CE12645C}.Release|Any CPU.Build.0 = Release|Any CPU
		{23C9615F-A787-4035-86D9-1EED81B771DF}.Debug|Any CPU.ActiveCfg = Debug|Any CPU
		{23C9615F-A787-4035-86D9-1EED81B771DF}.Debug|Any CPU.Build.0 = Debug|Any CPU
		{23C9615F-A787-4035-86D9-1EED81B771DF}.Release|Any CPU.ActiveCfg = Release|Any CPU
		{23C9615F-A787-4035-86D9-1EED81B771DF}.Release|Any CPU.Build.0 = Release|Any CPU
		{9BB82FC9-9700-4E4A-9648-BD0A8A9E86BF}.Debug|Any CPU.ActiveCfg = Debug|Any CPU
		{9BB82FC9-9700-4E4A-9648-BD0A8A9E86BF}.Debug|Any CPU.Build.0 = Debug|Any CPU
		{9BB82FC9-9700-4E4A-9648-BD0A8A9E86BF}.Release|Any CPU.ActiveCfg = Release|Any CPU
		{9BB82FC9-9700-4E4A-9648-BD0A8A9E86BF}.Release|Any CPU.Build.0 = Release|Any CPU
		{8BC7F866-A538-46D5-9B31-DB8A9FD94CA8}.Debug|Any CPU.ActiveCfg = Debug|Any CPU
		{8BC7F866-A538-46D5-9B31-DB8A9FD94CA8}.Debug|Any CPU.Build.0 = Debug|Any CPU
		{8BC7F866-A538-46D5-9B31-DB8A9FD94CA8}.Release|Any CPU.ActiveCfg = Release|Any CPU
		{8BC7F866-A538-46D5-9B31-DB8A9FD94CA8}.Release|Any CPU.Build.0 = Release|Any CPU
		{3FFF1F93-E2B5-4943-B7DC-CF6CCFA941AD}.Debug|Any CPU.ActiveCfg = Debug|Any CPU
		{3FFF1F93-E2B5-4943-B7DC-CF6CCFA941AD}.Debug|Any CPU.Build.0 = Debug|Any CPU
		{3FFF1F93-E2B5-4943-B7DC-CF6CCFA941AD}.Release|Any CPU.ActiveCfg = Release|Any CPU
		{3FFF1F93-E2B5-4943-B7DC-CF6CCFA941AD}.Release|Any CPU.Build.0 = Release|Any CPU
	EndGlobalSection
	GlobalSection(SolutionProperties) = preSolution
		HideSolutionNode = FALSE
	EndGlobalSection
	GlobalSection(ExtensibilityGlobals) = postSolution
		SolutionGuid = {88BA9437-8CC8-43B7-93FE-6B2466919710}
	EndGlobalSection
EndGlobal
